
Microsoft Visual Studio Solution File, Format Version 12.00
# Visual Studio Version 16
VisualStudioVersion = 16.0.31205.134
MinimumVisualStudioVersion = 10.0.40219.1
Project("{FAE04EC0-301F-11D3-BF4B-00C04F79EFBC}") = "ClientLoader", "ClientLoader\ClientLoader.csproj", "{B3933F5B-5AF8-4420-9103-7B13561042EE}"
EndProject
Global
	GlobalSection(SolutionConfigurationPlatforms) = preSolution
		Debug|Any CPU = Debug|Any CPU
		Release|Any CPU = Release|Any CPU
	EndGlobalSection
	GlobalSection(ProjectConfigurationPlatforms) = postSolution
		{B3933F5B-5AF8-4420-9103-7B13561042EE}.Debug|Any CPU.ActiveCfg = Debug|Any CPU
		{B3933F5B-5AF8-4420-9103-7B13561042EE}.Debug|Any CPU.Build.0 = Debug|Any CPU
		{B3933F5B-5AF8-4420-9103-7B13561042EE}.Release|Any CPU.ActiveCfg = Release|Any CPU
		{B3933F5B-5AF8-4420-9103-7B13561042EE}.Release|Any CPU.Build.0 = Release|Any CPU
	EndGlobalSection
	GlobalSection(SolutionProperties) = preSolution
		HideSolutionNode = FALSE
	EndGlobalSection
	GlobalSection(ExtensibilityGlobals) = postSolution
		SolutionGuid = {2869AF02-9CD5-406F-874C-B45B1AB65D26}
	EndGlobalSection
EndGlobal
